// !$*UTF8*$!
{
	archiveVersion = 1;
	classes = {
	};
	objectVersion = 51;
	objects = {

/* Begin PBXBuildFile section */
		A15ECC5D26D104C700922F8C /* AppDelegate.swift in Sources */ = {isa = PBXBuildFile; fileRef = A15ECC5C26D104C700922F8C /* AppDelegate.swift */; };
		A15ECC5F26D104C700922F8C /* SceneDelegate.swift in Sources */ = {isa = PBXBuildFile; fileRef = A15ECC5E26D104C700922F8C /* SceneDelegate.swift */; };
		A15ECC6126D104C700922F8C /* MainViewController.swift in Sources */ = {isa = PBXBuildFile; fileRef = A15ECC6026D104C700922F8C /* MainViewController.swift */; };
		A15ECC6426D104C700922F8C /* Main.storyboard in Resources */ = {isa = PBXBuildFile; fileRef = A15ECC6226D104C700922F8C /* Main.storyboard */; };
		A15ECC6626D104DD00922F8C /* Assets.xcassets in Resources */ = {isa = PBXBuildFile; fileRef = A15ECC6526D104DD00922F8C /* Assets.xcassets */; };
		A15ECC6926D104DD00922F8C /* LaunchScreen.storyboard in Resources */ = {isa = PBXBuildFile; fileRef = A15ECC6726D104DD00922F8C /* LaunchScreen.storyboard */; };
		A15ECC7A26D9639200922F8C /* Coordinate.swift in Sources */ = {isa = PBXBuildFile; fileRef = A15ECC7926D9639200922F8C /* Coordinate.swift */; };
		A15ECC7D26D9646D00922F8C /* RealmService.swift in Sources */ = {isa = PBXBuildFile; fileRef = A15ECC7C26D9646C00922F8C /* RealmService.swift */; };
		A15ECC8526DBC36300922F8C /* User.swift in Sources */ = {isa = PBXBuildFile; fileRef = A15ECC8426DBC36300922F8C /* User.swift */; };
		A15ECC8926DBC4D200922F8C /* AuthViewController.swift in Sources */ = {isa = PBXBuildFile; fileRef = A15ECC8826DBC4D200922F8C /* AuthViewController.swift */; };
		A15ECC8C26DBC9AC00922F8C /* RegisterViewController.swift in Sources */ = {isa = PBXBuildFile; fileRef = A15ECC8B26DBC9AC00922F8C /* RegisterViewController.swift */; };
		A15ECC9026DBCC1200922F8C /* StoryboardHelper.swift in Sources */ = {isa = PBXBuildFile; fileRef = A15ECC8F26DBCC1200922F8C /* StoryboardHelper.swift */; };
		A15ECC9426DBCCB700922F8C /* BaseRouter.swift in Sources */ = {isa = PBXBuildFile; fileRef = A15ECC9326DBCCB700922F8C /* BaseRouter.swift */; };
		A15ECC9826DBD8B800922F8C /* UIWindow+keyWindow.swift in Sources */ = {isa = PBXBuildFile; fileRef = A15ECC9726DBD8B800922F8C /* UIWindow+keyWindow.swift */; };
		A15ECC9B26E1540800922F8C /* BlurView.swift in Sources */ = {isa = PBXBuildFile; fileRef = A15ECC9A26E1540700922F8C /* BlurView.swift */; };
		A15ECCA826E541E200922F8C /* AuthConstants.swift in Sources */ = {isa = PBXBuildFile; fileRef = A15ECCA726E541E200922F8C /* AuthConstants.swift */; };
		A15ECCAB26E5457400922F8C /* Observable+unwrap.swift in Sources */ = {isa = PBXBuildFile; fileRef = A15ECCAA26E5457300922F8C /* Observable+unwrap.swift */; };
		A15ECCAE26E5477300922F8C /* LocationService.swift in Sources */ = {isa = PBXBuildFile; fileRef = A15ECCAD26E5477300922F8C /* LocationService.swift */; };
		C724C84995D99BD7186DEDC6 /* Pods_GMaps.framework in Frameworks */ = {isa = PBXBuildFile; fileRef = 6FCEDEFCBE8951797F046DFE /* Pods_GMaps.framework */; };
/* End PBXBuildFile section */

/* Begin PBXFileReference section */
		164654DD897D33D50EB84771 /* Pods-GMaps.release.xcconfig */ = {isa = PBXFileReference; includeInIndex = 1; lastKnownFileType = text.xcconfig; name = "Pods-GMaps.release.xcconfig"; path = "Target Support Files/Pods-GMaps/Pods-GMaps.release.xcconfig"; sourceTree = "<group>"; };
		6FCEDEFCBE8951797F046DFE /* Pods_GMaps.framework */ = {isa = PBXFileReference; explicitFileType = wrapper.framework; includeInIndex = 0; path = Pods_GMaps.framework; sourceTree = BUILT_PRODUCTS_DIR; };
		A15ECC5926D104C700922F8C /* GMaps.app */ = {isa = PBXFileReference; explicitFileType = wrapper.application; includeInIndex = 0; path = GMaps.app; sourceTree = BUILT_PRODUCTS_DIR; };
		A15ECC5C26D104C700922F8C /* AppDelegate.swift */ = {isa = PBXFileReference; lastKnownFileType = sourcecode.swift; path = AppDelegate.swift; sourceTree = "<group>"; };
		A15ECC5E26D104C700922F8C /* SceneDelegate.swift */ = {isa = PBXFileReference; lastKnownFileType = sourcecode.swift; path = SceneDelegate.swift; sourceTree = "<group>"; };
		A15ECC6026D104C700922F8C /* MainViewController.swift */ = {isa = PBXFileReference; lastKnownFileType = sourcecode.swift; path = MainViewController.swift; sourceTree = "<group>"; };
		A15ECC6326D104C700922F8C /* Base */ = {isa = PBXFileReference; lastKnownFileType = file.storyboard; name = Base; path = Base.lproj/Main.storyboard; sourceTree = "<group>"; };
		A15ECC6526D104DD00922F8C /* Assets.xcassets */ = {isa = PBXFileReference; lastKnownFileType = folder.assetcatalog; path = Assets.xcassets; sourceTree = "<group>"; };
		A15ECC6826D104DD00922F8C /* Base */ = {isa = PBXFileReference; lastKnownFileType = file.storyboard; name = Base; path = Base.lproj/LaunchScreen.storyboard; sourceTree = "<group>"; };
		A15ECC6A26D104DD00922F8C /* Info.plist */ = {isa = PBXFileReference; lastKnownFileType = text.plist.xml; path = Info.plist; sourceTree = "<group>"; };
		A15ECC7926D9639200922F8C /* Coordinate.swift */ = {isa = PBXFileReference; lastKnownFileType = sourcecode.swift; path = Coordinate.swift; sourceTree = "<group>"; };
		A15ECC7C26D9646C00922F8C /* RealmService.swift */ = {isa = PBXFileReference; lastKnownFileType = sourcecode.swift; path = RealmService.swift; sourceTree = "<group>"; };
		A15ECC8426DBC36300922F8C /* User.swift */ = {isa = PBXFileReference; lastKnownFileType = sourcecode.swift; path = User.swift; sourceTree = "<group>"; };
		A15ECC8826DBC4D200922F8C /* AuthViewController.swift */ = {isa = PBXFileReference; lastKnownFileType = sourcecode.swift; path = AuthViewController.swift; sourceTree = "<group>"; };
		A15ECC8B26DBC9AC00922F8C /* RegisterViewController.swift */ = {isa = PBXFileReference; lastKnownFileType = sourcecode.swift; path = RegisterViewController.swift; sourceTree = "<group>"; };
		A15ECC8F26DBCC1200922F8C /* StoryboardHelper.swift */ = {isa = PBXFileReference; lastKnownFileType = sourcecode.swift; path = StoryboardHelper.swift; sourceTree = "<group>"; };
		A15ECC9326DBCCB700922F8C /* BaseRouter.swift */ = {isa = PBXFileReference; lastKnownFileType = sourcecode.swift; path = BaseRouter.swift; sourceTree = "<group>"; };
		A15ECC9726DBD8B800922F8C /* UIWindow+keyWindow.swift */ = {isa = PBXFileReference; lastKnownFileType = sourcecode.swift; path = "UIWindow+keyWindow.swift"; sourceTree = "<group>"; };
		A15ECC9A26E1540700922F8C /* BlurView.swift */ = {isa = PBXFileReference; lastKnownFileType = sourcecode.swift; path = BlurView.swift; sourceTree = "<group>"; };
		A15ECCA726E541E200922F8C /* AuthConstants.swift */ = {isa = PBXFileReference; lastKnownFileType = sourcecode.swift; path = AuthConstants.swift; sourceTree = "<group>"; };
		A15ECCAA26E5457300922F8C /* Observable+unwrap.swift */ = {isa = PBXFileReference; lastKnownFileType = sourcecode.swift; path = "Observable+unwrap.swift"; sourceTree = "<group>"; };
		A15ECCAD26E5477300922F8C /* LocationService.swift */ = {isa = PBXFileReference; lastKnownFileType = sourcecode.swift; path = LocationService.swift; sourceTree = "<group>"; };
		BD9E311D057A8F7AD3D3BF98 /* Pods-GMaps.debug.xcconfig */ = {isa = PBXFileReference; includeInIndex = 1; lastKnownFileType = text.xcconfig; name = "Pods-GMaps.debug.xcconfig"; path = "Target Support Files/Pods-GMaps/Pods-GMaps.debug.xcconfig"; sourceTree = "<group>"; };
/* End PBXFileReference section */

/* Begin PBXFrameworksBuildPhase section */
		A15ECC5626D104C700922F8C /* Frameworks */ = {
			isa = PBXFrameworksBuildPhase;
			buildActionMask = 2147483647;
			files = (
				C724C84995D99BD7186DEDC6 /* Pods_GMaps.framework in Frameworks */,
			);
			runOnlyForDeploymentPostprocessing = 0;
		};
/* End PBXFrameworksBuildPhase section */

/* Begin PBXGroup section */
		346DE4BF040A6EEA0C738150 /* Frameworks */ = {
			isa = PBXGroup;
			children = (
				6FCEDEFCBE8951797F046DFE /* Pods_GMaps.framework */,
			);
			name = Frameworks;
			sourceTree = "<group>";
		};
		A15ECC5026D104C700922F8C = {
			isa = PBXGroup;
			children = (
				A15ECC5B26D104C700922F8C /* GMaps */,
				A15ECC5A26D104C700922F8C /* Products */,
				A5B04D2680589E864D73CFB0 /* Pods */,
				346DE4BF040A6EEA0C738150 /* Frameworks */,
			);
			sourceTree = "<group>";
		};
		A15ECC5A26D104C700922F8C /* Products */ = {
			isa = PBXGroup;
			children = (
				A15ECC5926D104C700922F8C /* GMaps.app */,
			);
			name = Products;
			sourceTree = "<group>";
		};
		A15ECC5B26D104C700922F8C /* GMaps */ = {
			isa = PBXGroup;
			children = (
				A15ECCA626E541BF00922F8C /* Static */,
				A15ECC9226DBCC9800922F8C /* Router */,
				A15ECC8E26DBCBD700922F8C /* Helper */,
				A15ECC8326DBC32F00922F8C /* Service */,
				A15ECC8226DBC31200922F8C /* Controller */,
				A15ECC8126DBC30B00922F8C /* View */,
				A15ECC8026DBC30100922F8C /* Model */,
				A15ECC5C26D104C700922F8C /* AppDelegate.swift */,
				A15ECC5E26D104C700922F8C /* SceneDelegate.swift */,
				A15ECC6526D104DD00922F8C /* Assets.xcassets */,
				A15ECC6A26D104DD00922F8C /* Info.plist */,
			);
			path = GMaps;
			sourceTree = "<group>";
		};
		A15ECC8026DBC30100922F8C /* Model */ = {
			isa = PBXGroup;
			children = (
				A15ECC7926D9639200922F8C /* Coordinate.swift */,
				A15ECC8426DBC36300922F8C /* User.swift */,
			);
			path = Model;
			sourceTree = "<group>";
		};
		A15ECC8126DBC30B00922F8C /* View */ = {
			isa = PBXGroup;
			children = (
				A15ECC9A26E1540700922F8C /* BlurView.swift */,
				A15ECC6226D104C700922F8C /* Main.storyboard */,
				A15ECC6726D104DD00922F8C /* LaunchScreen.storyboard */,
			);
			path = View;
			sourceTree = "<group>";
		};
		A15ECC8226DBC31200922F8C /* Controller */ = {
			isa = PBXGroup;
			children = (
				A15ECC6026D104C700922F8C /* MainViewController.swift */,
				A15ECC8826DBC4D200922F8C /* AuthViewController.swift */,
				A15ECC8B26DBC9AC00922F8C /* RegisterViewController.swift */,
			);
			path = Controller;
			sourceTree = "<group>";
		};
		A15ECC8326DBC32F00922F8C /* Service */ = {
			isa = PBXGroup;
			children = (
				A15ECC7C26D9646C00922F8C /* RealmService.swift */,
				A15ECCAD26E5477300922F8C /* LocationService.swift */,
			);
			path = Service;
			sourceTree = "<group>";
		};
		A15ECC8E26DBCBD700922F8C /* Helper */ = {
			isa = PBXGroup;
			children = (
				A15ECC8F26DBCC1200922F8C /* StoryboardHelper.swift */,
				A15ECC9726DBD8B800922F8C /* UIWindow+keyWindow.swift */,
				A15ECCAA26E5457300922F8C /* Observable+unwrap.swift */,
			);
			path = Helper;
			sourceTree = "<group>";
		};
		A15ECC9226DBCC9800922F8C /* Router */ = {
			isa = PBXGroup;
			children = (
				A15ECC9326DBCCB700922F8C /* BaseRouter.swift */,
			);
			path = Router;
			sourceTree = "<group>";
		};
		A15ECCA626E541BF00922F8C /* Static */ = {
			isa = PBXGroup;
			children = (
				A15ECCA726E541E200922F8C /* AuthConstants.swift */,
			);
			path = Static;
			sourceTree = "<group>";
		};
		A5B04D2680589E864D73CFB0 /* Pods */ = {
			isa = PBXGroup;
			children = (
				BD9E311D057A8F7AD3D3BF98 /* Pods-GMaps.debug.xcconfig */,
				164654DD897D33D50EB84771 /* Pods-GMaps.release.xcconfig */,
			);
			path = Pods;
			sourceTree = "<group>";
		};
/* End PBXGroup section */

/* Begin PBXNativeTarget section */
		A15ECC5826D104C700922F8C /* GMaps */ = {
			isa = PBXNativeTarget;
			buildConfigurationList = A15ECC6D26D104DD00922F8C /* Build configuration list for PBXNativeTarget "GMaps" */;
			buildPhases = (
				24ABD5505E03929800F78F31 /* [CP] Check Pods Manifest.lock */,
				A15ECC5526D104C700922F8C /* Sources */,
				A15ECC5626D104C700922F8C /* Frameworks */,
				A15ECC5726D104C700922F8C /* Resources */,
				69BBD2DBC2B3B931D59D41DE /* [CP] Copy Pods Resources */,
				1173BCE9E4E29CC3D15A34B6 /* [CP] Embed Pods Frameworks */,
			);
			buildRules = (
			);
			dependencies = (
			);
			name = GMaps;
			productName = GMaps;
			productReference = A15ECC5926D104C700922F8C /* GMaps.app */;
			productType = "com.apple.product-type.application";
		};
/* End PBXNativeTarget section */

/* Begin PBXProject section */
		A15ECC5126D104C700922F8C /* Project object */ = {
			isa = PBXProject;
			attributes = {
				LastSwiftUpdateCheck = 1240;
				LastUpgradeCheck = 1240;
				TargetAttributes = {
					A15ECC5826D104C700922F8C = {
						CreatedOnToolsVersion = 12.4;
					};
				};
			};
			buildConfigurationList = A15ECC5426D104C700922F8C /* Build configuration list for PBXProject "GMaps" */;
			compatibilityVersion = "Xcode 9.3";
			developmentRegion = en;
			hasScannedForEncodings = 0;
			knownRegions = (
				en,
				Base,
			);
			mainGroup = A15ECC5026D104C700922F8C;
			productRefGroup = A15ECC5A26D104C700922F8C /* Products */;
			projectDirPath = "";
			projectRoot = "";
			targets = (
				A15ECC5826D104C700922F8C /* GMaps */,
			);
		};
/* End PBXProject section */

/* Begin PBXResourcesBuildPhase section */
		A15ECC5726D104C700922F8C /* Resources */ = {
			isa = PBXResourcesBuildPhase;
			buildActionMask = 2147483647;
			files = (
				A15ECC6926D104DD00922F8C /* LaunchScreen.storyboard in Resources */,
				A15ECC6626D104DD00922F8C /* Assets.xcassets in Resources */,
				A15ECC6426D104C700922F8C /* Main.storyboard in Resources */,
			);
			runOnlyForDeploymentPostprocessing = 0;
		};
/* End PBXResourcesBuildPhase section */

/* Begin PBXShellScriptBuildPhase section */
		1173BCE9E4E29CC3D15A34B6 /* [CP] Embed Pods Frameworks */ = {
			isa = PBXShellScriptBuildPhase;
			buildActionMask = 2147483647;
			files = (
			);
			inputFileListPaths = (
				"${PODS_ROOT}/Target Support Files/Pods-GMaps/Pods-GMaps-frameworks-${CONFIGURATION}-input-files.xcfilelist",
			);
			name = "[CP] Embed Pods Frameworks";
			outputFileListPaths = (
				"${PODS_ROOT}/Target Support Files/Pods-GMaps/Pods-GMaps-frameworks-${CONFIGURATION}-output-files.xcfilelist",
			);
			runOnlyForDeploymentPostprocessing = 0;
			shellPath = /bin/sh;
			shellScript = "\"${PODS_ROOT}/Target Support Files/Pods-GMaps/Pods-GMaps-frameworks.sh\"\n";
			showEnvVarsInLog = 0;
		};
		24ABD5505E03929800F78F31 /* [CP] Check Pods Manifest.lock */ = {
			isa = PBXShellScriptBuildPhase;
			buildActionMask = 2147483647;
			files = (
			);
			inputFileListPaths = (
			);
			inputPaths = (
				"${PODS_PODFILE_DIR_PATH}/Podfile.lock",
				"${PODS_ROOT}/Manifest.lock",
			);
			name = "[CP] Check Pods Manifest.lock";
			outputFileListPaths = (
			);
			outputPaths = (
				"$(DERIVED_FILE_DIR)/Pods-GMaps-checkManifestLockResult.txt",
			);
			runOnlyForDeploymentPostprocessing = 0;
			shellPath = /bin/sh;
			shellScript = "diff \"${PODS_PODFILE_DIR_PATH}/Podfile.lock\" \"${PODS_ROOT}/Manifest.lock\" > /dev/null\nif [ $? != 0 ] ; then\n    # print error to STDERR\n    echo \"error: The sandbox is not in sync with the Podfile.lock. Run 'pod install' or update your CocoaPods installation.\" >&2\n    exit 1\nfi\n# This output is used by Xcode 'outputs' to avoid re-running this script phase.\necho \"SUCCESS\" > \"${SCRIPT_OUTPUT_FILE_0}\"\n";
			showEnvVarsInLog = 0;
		};
		69BBD2DBC2B3B931D59D41DE /* [CP] Copy Pods Resources */ = {
			isa = PBXShellScriptBuildPhase;
			buildActionMask = 2147483647;
			files = (
			);
			inputFileListPaths = (
				"${PODS_ROOT}/Target Support Files/Pods-GMaps/Pods-GMaps-resources-${CONFIGURATION}-input-files.xcfilelist",
			);
			name = "[CP] Copy Pods Resources";
			outputFileListPaths = (
				"${PODS_ROOT}/Target Support Files/Pods-GMaps/Pods-GMaps-resources-${CONFIGURATION}-output-files.xcfilelist",
			);
			runOnlyForDeploymentPostprocessing = 0;
			shellPath = /bin/sh;
			shellScript = "\"${PODS_ROOT}/Target Support Files/Pods-GMaps/Pods-GMaps-resources.sh\"\n";
			showEnvVarsInLog = 0;
		};
/* End PBXShellScriptBuildPhase section */

/* Begin PBXSourcesBuildPhase section */
		A15ECC5526D104C700922F8C /* Sources */ = {
			isa = PBXSourcesBuildPhase;
			buildActionMask = 2147483647;
			files = (
				A15ECC9026DBCC1200922F8C /* StoryboardHelper.swift in Sources */,
				A15ECC6126D104C700922F8C /* MainViewController.swift in Sources */,
				A15ECC5D26D104C700922F8C /* AppDelegate.swift in Sources */,
				A15ECCAB26E5457400922F8C /* Observable+unwrap.swift in Sources */,
				A15ECC8526DBC36300922F8C /* User.swift in Sources */,
				A15ECC8C26DBC9AC00922F8C /* RegisterViewController.swift in Sources */,
				A15ECC9B26E1540800922F8C /* BlurView.swift in Sources */,
				A15ECCAE26E5477300922F8C /* LocationService.swift in Sources */,
				A15ECC8926DBC4D200922F8C /* AuthViewController.swift in Sources */,
				A15ECC5F26D104C700922F8C /* SceneDelegate.swift in Sources */,
				A15ECC9426DBCCB700922F8C /* BaseRouter.swift in Sources */,
				A15ECCA826E541E200922F8C /* AuthConstants.swift in Sources */,
				A15ECC9826DBD8B800922F8C /* UIWindow+keyWindow.swift in Sources */,
				A15ECC7A26D9639200922F8C /* Coordinate.swift in Sources */,
				A15ECC7D26D9646D00922F8C /* RealmService.swift in Sources */,
			);
			runOnlyForDeploymentPostprocessing = 0;
		};
/* End PBXSourcesBuildPhase section */

/* Begin PBXVariantGroup section */
		A15ECC6226D104C700922F8C /* Main.storyboard */ = {
			isa = PBXVariantGroup;
			children = (
				A15ECC6326D104C700922F8C /* Base */,
			);
			name = Main.storyboard;
			sourceTree = "<group>";
		};
		A15ECC6726D104DD00922F8C /* LaunchScreen.storyboard */ = {
			isa = PBXVariantGroup;
			children = (
				A15ECC6826D104DD00922F8C /* Base */,
			);
			name = LaunchScreen.storyboard;
			sourceTree = "<group>";
		};
/* End PBXVariantGroup section */

/* Begin XCBuildConfiguration section */
		A15ECC6B26D104DD00922F8C /* Debug */ = {
			isa = XCBuildConfiguration;
			buildSettings = {
				ALWAYS_SEARCH_USER_PATHS = NO;
				CLANG_ANALYZER_NONNULL = YES;
				CLANG_ANALYZER_NUMBER_OBJECT_CONVERSION = YES_AGGRESSIVE;
				CLANG_CXX_LANGUAGE_STANDARD = "gnu++14";
				CLANG_CXX_LIBRARY = "libc++";
				CLANG_ENABLE_MODULES = YES;
				CLANG_ENABLE_OBJC_ARC = YES;
				CLANG_ENABLE_OBJC_WEAK = YES;
				CLANG_WARN_BLOCK_CAPTURE_AUTORELEASING = YES;
				CLANG_WARN_BOOL_CONVERSION = YES;
				CLANG_WARN_COMMA = YES;
				CLANG_WARN_CONSTANT_CONVERSION = YES;
				CLANG_WARN_DEPRECATED_OBJC_IMPLEMENTATIONS = YES;
				CLANG_WARN_DIRECT_OBJC_ISA_USAGE = YES_ERROR;
				CLANG_WARN_DOCUMENTATION_COMMENTS = YES;
				CLANG_WARN_EMPTY_BODY = YES;
				CLANG_WARN_ENUM_CONVERSION = YES;
				CLANG_WARN_INFINITE_RECURSION = YES;
				CLANG_WARN_INT_CONVERSION = YES;
				CLANG_WARN_NON_LITERAL_NULL_CONVERSION = YES;
				CLANG_WARN_OBJC_IMPLICIT_RETAIN_SELF = YES;
				CLANG_WARN_OBJC_LITERAL_CONVERSION = YES;
				CLANG_WARN_OBJC_ROOT_CLASS = YES_ERROR;
				CLANG_WARN_QUOTED_INCLUDE_IN_FRAMEWORK_HEADER = YES;
				CLANG_WARN_RANGE_LOOP_ANALYSIS = YES;
				CLANG_WARN_STRICT_PROTOTYPES = YES;
				CLANG_WARN_SUSPICIOUS_MOVE = YES;
				CLANG_WARN_UNGUARDED_AVAILABILITY = YES_AGGRESSIVE;
				CLANG_WARN_UNREACHABLE_CODE = YES;
				CLANG_WARN__DUPLICATE_METHOD_MATCH = YES;
				COPY_PHASE_STRIP = NO;
				DEBUG_INFORMATION_FORMAT = dwarf;
				ENABLE_STRICT_OBJC_MSGSEND = YES;
				ENABLE_TESTABILITY = YES;
				GCC_C_LANGUAGE_STANDARD = gnu11;
				GCC_DYNAMIC_NO_PIC = NO;
				GCC_NO_COMMON_BLOCKS = YES;
				GCC_OPTIMIZATION_LEVEL = 0;
				GCC_PREPROCESSOR_DEFINITIONS = (
					"DEBUG=1",
					"$(inherited)",
				);
				GCC_WARN_64_TO_32_BIT_CONVERSION = YES;
				GCC_WARN_ABOUT_RETURN_TYPE = YES_ERROR;
				GCC_WARN_UNDECLARED_SELECTOR = YES;
				GCC_WARN_UNINITIALIZED_AUTOS = YES_AGGRESSIVE;
				GCC_WARN_UNUSED_FUNCTION = YES;
				GCC_WARN_UNUSED_VARIABLE = YES;
				IPHONEOS_DEPLOYMENT_TARGET = 14.4;
				MTL_ENABLE_DEBUG_INFO = INCLUDE_SOURCE;
				MTL_FAST_MATH = YES;
				ONLY_ACTIVE_ARCH = YES;
				SDKROOT = iphoneos;
				SWIFT_ACTIVE_COMPILATION_CONDITIONS = DEBUG;
				SWIFT_OPTIMIZATION_LEVEL = "-Onone";
			};
			name = Debug;
		};
		A15ECC6C26D104DD00922F8C /* Release */ = {
			isa = XCBuildConfiguration;
			buildSettings = {
				ALWAYS_SEARCH_USER_PATHS = NO;
				CLANG_ANALYZER_NONNULL = YES;
				CLANG_ANALYZER_NUMBER_OBJECT_CONVERSION = YES_AGGRESSIVE;
				CLANG_CXX_LANGUAGE_STANDARD = "gnu++14";
				CLANG_CXX_LIBRARY = "libc++";
				CLANG_ENABLE_MODULES = YES;
				CLANG_ENABLE_OBJC_ARC = YES;
				CLANG_ENABLE_OBJC_WEAK = YES;
				CLANG_WARN_BLOCK_CAPTURE_AUTORELEASING = YES;
				CLANG_WARN_BOOL_CONVERSION = YES;
				CLANG_WARN_COMMA = YES;
				CLANG_WARN_CONSTANT_CONVERSION = YES;
				CLANG_WARN_DEPRECATED_OBJC_IMPLEMENTATIONS = YES;
				CLANG_WARN_DIRECT_OBJC_ISA_USAGE = YES_ERROR;
				CLANG_WARN_DOCUMENTATION_COMMENTS = YES;
				CLANG_WARN_EMPTY_BODY = YES;
				CLANG_WARN_ENUM_CONVERSION = YES;
				CLANG_WARN_INFINITE_RECURSION = YES;
				CLANG_WARN_INT_CONVERSION = YES;
				CLANG_WARN_NON_LITERAL_NULL_CONVERSION = YES;
				CLANG_WARN_OBJC_IMPLICIT_RETAIN_SELF = YES;
				CLANG_WARN_OBJC_LITERAL_CONVERSION = YES;
				CLANG_WARN_OBJC_ROOT_CLASS = YES_ERROR;
				CLANG_WARN_QUOTED_INCLUDE_IN_FRAMEWORK_HEADER = YES;
				CLANG_WARN_RANGE_LOOP_ANALYSIS = YES;
				CLANG_WARN_STRICT_PROTOTYPES = YES;
				CLANG_WARN_SUSPICIOUS_MOVE = YES;
				CLANG_WARN_UNGUARDED_AVAILABILITY = YES_AGGRESSIVE;
				CLANG_WARN_UNREACHABLE_CODE = YES;
				CLANG_WARN__DUPLICATE_METHOD_MATCH = YES;
				COPY_PHASE_STRIP = NO;
				DEBUG_INFORMATION_FORMAT = "dwarf-with-dsym";
				ENABLE_NS_ASSERTIONS = NO;
				ENABLE_STRICT_OBJC_MSGSEND = YES;
				GCC_C_LANGUAGE_STANDARD = gnu11;
				GCC_NO_COMMON_BLOCKS = YES;
				GCC_WARN_64_TO_32_BIT_CONVERSION = YES;
				GCC_WARN_ABOUT_RETURN_TYPE = YES_ERROR;
				GCC_WARN_UNDECLARED_SELECTOR = YES;
				GCC_WARN_UNINITIALIZED_AUTOS = YES_AGGRESSIVE;
				GCC_WARN_UNUSED_FUNCTION = YES;
				GCC_WARN_UNUSED_VARIABLE = YES;
				IPHONEOS_DEPLOYMENT_TARGET = 14.4;
				MTL_ENABLE_DEBUG_INFO = NO;
				MTL_FAST_MATH = YES;
				SDKROOT = iphoneos;
				SWIFT_COMPILATION_MODE = wholemodule;
				SWIFT_OPTIMIZATION_LEVEL = "-O";
				VALIDATE_PRODUCT = YES;
			};
			name = Release;
		};
		A15ECC6E26D104DD00922F8C /* Debug */ = {
			isa = XCBuildConfiguration;
			baseConfigurationReference = BD9E311D057A8F7AD3D3BF98 /* Pods-GMaps.debug.xcconfig */;
			buildSettings = {
				ASSETCATALOG_COMPILER_APPICON_NAME = AppIcon;
				ASSETCATALOG_COMPILER_GLOBAL_ACCENT_COLOR_NAME = AccentColor;
				CODE_SIGN_STYLE = Automatic;
				DEVELOPMENT_TEAM = XHN97245U5;
				INFOPLIST_FILE = GMaps/Info.plist;
				LD_RUNPATH_SEARCH_PATHS = (
					"$(inherited)",
					"@executable_path/Frameworks",
				);
				PRODUCT_BUNDLE_IDENTIFIER = com.konstantinkuznetsov.GMaps;
				PRODUCT_NAME = "$(TARGET_NAME)";
				SWIFT_VERSION = 5.0;
				TARGETED_DEVICE_FAMILY = "1,2";
			};
			name = Debug;
		};
		A15ECC6F26D104DD00922F8C /* Release */ = {
			isa = XCBuildConfiguration;
			baseConfigurationReference = 164654DD897D33D50EB84771 /* Pods-GMaps.release.xcconfig */;
			buildSettings = {
				ASSETCATALOG_COMPILER_APPICON_NAME = AppIcon;
				ASSETCATALOG_COMPILER_GLOBAL_ACCENT_COLOR_NAME = AccentColor;
				CODE_SIGN_STYLE = Automatic;
				DEVELOPMENT_TEAM = XHN97245U5;
				INFOPLIST_FILE = GMaps/Info.plist;
				LD_RUNPATH_SEARCH_PATHS = (
					"$(inherited)",
					"@executable_path/Frameworks",
				);
				PRODUCT_BUNDLE_IDENTIFIER = com.konstantinkuznetsov.GMaps;
				PRODUCT_NAME = "$(TARGET_NAME)";
				SWIFT_VERSION = 5.0;
				TARGETED_DEVICE_FAMILY = "1,2";
			};
			name = Release;
		};
/* End XCBuildConfiguration section */

/* Begin XCConfigurationList section */
		A15ECC5426D104C700922F8C /* Build configuration list for PBXProject "GMaps" */ = {
			isa = XCConfigurationList;
			buildConfigurations = (
				A15ECC6B26D104DD00922F8C /* Debug */,
				A15ECC6C26D104DD00922F8C /* Release */,
			);
			defaultConfigurationIsVisible = 0;
			defaultConfigurationName = Release;
		};
		A15ECC6D26D104DD00922F8C /* Build configuration list for PBXNativeTarget "GMaps" */ = {
			isa = XCConfigurationList;
			buildConfigurations = (
				A15ECC6E26D104DD00922F8C /* Debug */,
				A15ECC6F26D104DD00922F8C /* Release */,
			);
			defaultConfigurationIsVisible = 0;
			defaultConfigurationName = Release;
		};
/* End XCConfigurationList section */
	};
	rootObject = A15ECC5126D104C700922F8C /* Project object */;
}
